PODS:
  - Material (2.6.3):
    - Material/Core (= 2.6.3)
  - Material/Core (2.6.3)
  - UIImage+PDF (1.1.3)

DEPENDENCIES:
  - Material
  - UIImage+PDF

SPEC CHECKSUMS:
  Material: af607a7ec0e9978ef85cf189a3d8ceeeb650400f
  UIImage+PDF: b8352e731529d8704b8b1bb1c086884ab61cd550

PODFILE CHECKSUM: 52f00f6eb8ce276271853dbf018fc8b42197d92c

COCOAPODS: 1.4.0
